
Microsoft Visual Studio Solution File, Format Version 12.00
# Visual Studio Version 17
VisualStudioVersion = 17.11.35222.181
MinimumVisualStudioVersion = 10.0.40219.1
Project("{FAE04EC0-301F-11D3-BF4B-00C04F79EFBC}") = "CoSpace.API", "CoSpace.API\CoSpace.API.csproj", "{FBDA494F-888A-4472-82EA-17FF4D8A6BAB}"
EndProject
Project("{FAE04EC0-301F-11D3-BF4B-00C04F79EFBC}") = "CoSpace.Application", "CoSpace.Application\CoSpace.Application.csproj", "{F8BC7AB6-079E-4C83-8C25-539B160A7828}"
EndProject
Project("{FAE04EC0-301F-11D3-BF4B-00C04F79EFBC}") = "CoSpace.Core", "CoSpace.Core\CoSpace.Core.csproj", "{5292FD83-8510-4131-B726-423E3DF1CBA2}"
EndProject
Project("{FAE04EC0-301F-11D3-BF4B-00C04F79EFBC}") = "CoSpace.Infrastruture", "CoSpace.Infrastruture\CoSpace.Infrastruture.csproj", "{5B5B57F0-59C7-4FA4-BB0B-DECCA174BA20}"
EndProject
Global
	GlobalSection(SolutionConfigurationPlatforms) = preSolution
		Debug|Any CPU = Debug|Any CPU
		Release|Any CPU = Release|Any CPU
	EndGlobalSection
	GlobalSection(ProjectConfigurationPlatforms) = postSolution
		{FBDA494F-888A-4472-82EA-17FF4D8A6BAB}.Debug|Any CPU.ActiveCfg = Debug|Any CPU
		{FBDA494F-888A-4472-82EA-17FF4D8A6BAB}.Debug|Any CPU.Build.0 = Debug|Any CPU
		{FBDA494F-888A-4472-82EA-17FF4D8A6BAB}.Release|Any CPU.ActiveCfg = Release|Any CPU
		{FBDA494F-888A-4472-82EA-17FF4D8A6BAB}.Release|Any CPU.Build.0 = Release|Any CPU
		{F8BC7AB6-079E-4C83-8C25-539B160A7828}.Debug|Any CPU.ActiveCfg = Debug|Any CPU
		{F8BC7AB6-079E-4C83-8C25-539B160A7828}.Debug|Any CPU.Build.0 = Debug|Any CPU
		{F8BC7AB6-079E-4C83-8C25-539B160A7828}.Release|Any CPU.ActiveCfg = Release|Any CPU
		{F8BC7AB6-079E-4C83-8C25-539B160A7828}.Release|Any CPU.Build.0 = Release|Any CPU
		{5292FD83-8510-4131-B726-423E3DF1CBA2}.Debug|Any CPU.ActiveCfg = Debug|Any CPU
		{5292FD83-8510-4131-B726-423E3DF1CBA2}.Debug|Any CPU.Build.0 = Debug|Any CPU
		{5292FD83-8510-4131-B726-423E3DF1CBA2}.Release|Any CPU.ActiveCfg = Release|Any CPU
		{5292FD83-8510-4131-B726-423E3DF1CBA2}.Release|Any CPU.Build.0 = Release|Any CPU
		{5B5B57F0-59C7-4FA4-BB0B-DECCA174BA20}.Debug|Any CPU.ActiveCfg = Debug|Any CPU
		{5B5B57F0-59C7-4FA4-BB0B-DECCA174BA20}.Debug|Any CPU.Build.0 = Debug|Any CPU
		{5B5B57F0-59C7-4FA4-BB0B-DECCA174BA20}.Release|Any CPU.ActiveCfg = Release|Any CPU
		{5B5B57F0-59C7-4FA4-BB0B-DECCA174BA20}.Release|Any CPU.Build.0 = Release|Any CPU
	EndGlobalSection
	GlobalSection(SolutionProperties) = preSolution
		HideSolutionNode = FALSE
	EndGlobalSection
	GlobalSection(ExtensibilityGlobals) = postSolution
		SolutionGuid = {6FE72B09-D40C-4391-B82B-0FCA455730AD}
	EndGlobalSection
EndGlobal
